
Microsoft Visual Studio Solution File, Format Version 12.00
# Visual Studio Version 16
VisualStudioVersion = 16.0.30611.23
MinimumVisualStudioVersion = 10.0.40219.1
Project("{FAE04EC0-301F-11D3-BF4B-00C04F79EFBC}") = "WebServerCert3", "WebServerCert3.csproj", "{EFC2D848-0CFD-4C44-87BE-AE83FD12E7D9}"
EndProject
Global
	GlobalSection(SolutionConfigurationPlatforms) = preSolution
		Debug|Any CPU = Debug|Any CPU
		Release|Any CPU = Release|Any CPU
	EndGlobalSection
	GlobalSection(ProjectConfigurationPlatforms) = postSolution
		{EFC2D848-0CFD-4C44-87BE-AE83FD12E7D9}.Debug|Any CPU.ActiveCfg = Debug|Any CPU
		{EFC2D848-0CFD-4C44-87BE-AE83FD12E7D9}.Debug|Any CPU.Build.0 = Debug|Any CPU
		{EFC2D848-0CFD-4C44-87BE-AE83FD12E7D9}.Release|Any CPU.ActiveCfg = Release|Any CPU
		{EFC2D848-0CFD-4C44-87BE-AE83FD12E7D9}.Release|Any CPU.Build.0 = Release|Any CPU
	EndGlobalSection
	GlobalSection(SolutionProperties) = preSolution
		HideSolutionNode = FALSE
	EndGlobalSection
	GlobalSection(ExtensibilityGlobals) = postSolution
		SolutionGuid = {1B1C0100-E4CC-4A3F-BB58-D5ECDCD16384}
	EndGlobalSection
EndGlobal
